
Microsoft Visual Studio Solution File, Format Version 12.00
# Visual Studio 15
VisualStudioVersion = 15.0.26124.0
MinimumVisualStudioVersion = 15.0.26124.0
Project("{2150E333-8FDC-42A3-9474-1A3956D46DE8}") = "src", "src", "{E4AD8233-A347-451E-B0E0-1FC9BF55454B}"
EndProject
Project("{FAE04EC0-301F-11D3-BF4B-00C04F79EFBC}") = "NStore.Core", "src\NStore.Core\NStore.Core.csproj", "{03F6A8D9-B538-4348-B9C2-D9764E990BE4}"
EndProject
Project("{FAE04EC0-301F-11D3-BF4B-00C04F79EFBC}") = "NStore.Web", "src\NStore.Web\NStore.Web.csproj", "{3E191558-1757-4580-B7DB-A6816CAF7764}"
EndProject
Project("{2150E333-8FDC-42A3-9474-1A3956D46DE8}") = "tests", "tests", "{0EF6C768-605E-4EDF-9B44-B7C93CEF6082}"
EndProject
Project("{FAE04EC0-301F-11D3-BF4B-00C04F79EFBC}") = "NStore.Tests", "tests\NStore.Tests\NStore.Tests.csproj", "{9CF857BD-91CC-4E2B-B565-DE7326F801C2}"
EndProject
Project("{FAE04EC0-301F-11D3-BF4B-00C04F79EFBC}") = "NStore.Tests.Integration", "tests\NStore.Tests.Integration\NStore.Tests.Integration.csproj", "{8D7E5909-8D95-47B9-B1C6-A2C09F550477}"
EndProject
Global
	GlobalSection(SolutionConfigurationPlatforms) = preSolution
		Debug|Any CPU = Debug|Any CPU
		Debug|x64 = Debug|x64
		Debug|x86 = Debug|x86
		Release|Any CPU = Release|Any CPU
		Release|x64 = Release|x64
		Release|x86 = Release|x86
	EndGlobalSection
	GlobalSection(SolutionProperties) = preSolution
		HideSolutionNode = FALSE
	EndGlobalSection
	GlobalSection(ProjectConfigurationPlatforms) = postSolution
		{03F6A8D9-B538-4348-B9C2-D9764E990BE4}.Debug|Any CPU.ActiveCfg = Debug|Any CPU
		{03F6A8D9-B538-4348-B9C2-D9764E990BE4}.Debug|Any CPU.Build.0 = Debug|Any CPU
		{03F6A8D9-B538-4348-B9C2-D9764E990BE4}.Debug|x64.ActiveCfg = Debug|Any CPU
		{03F6A8D9-B538-4348-B9C2-D9764E990BE4}.Debug|x64.Build.0 = Debug|Any CPU
		{03F6A8D9-B538-4348-B9C2-D9764E990BE4}.Debug|x86.ActiveCfg = Debug|Any CPU
		{03F6A8D9-B538-4348-B9C2-D9764E990BE4}.Debug|x86.Build.0 = Debug|Any CPU
		{03F6A8D9-B538-4348-B9C2-D9764E990BE4}.Release|Any CPU.ActiveCfg = Release|Any CPU
		{03F6A8D9-B538-4348-B9C2-D9764E990BE4}.Release|Any CPU.Build.0 = Release|Any CPU
		{03F6A8D9-B538-4348-B9C2-D9764E990BE4}.Release|x64.ActiveCfg = Release|Any CPU
		{03F6A8D9-B538-4348-B9C2-D9764E990BE4}.Release|x64.Build.0 = Release|Any CPU
		{03F6A8D9-B538-4348-B9C2-D9764E990BE4}.Release|x86.ActiveCfg = Release|Any CPU
		{03F6A8D9-B538-4348-B9C2-D9764E990BE4}.Release|x86.Build.0 = Release|Any CPU
		{3E191558-1757-4580-B7DB-A6816CAF7764}.Debug|Any CPU.ActiveCfg = Debug|Any CPU
		{3E191558-1757-4580-B7DB-A6816CAF7764}.Debug|Any CPU.Build.0 = Debug|Any CPU
		{3E191558-1757-4580-B7DB-A6816CAF7764}.Debug|x64.ActiveCfg = Debug|Any CPU
		{3E191558-1757-4580-B7DB-A6816CAF7764}.Debug|x64.Build.0 = Debug|Any CPU
		{3E191558-1757-4580-B7DB-A6816CAF7764}.Debug|x86.ActiveCfg = Debug|Any CPU
		{3E191558-1757-4580-B7DB-A6816CAF7764}.Debug|x86.Build.0 = Debug|Any CPU
		{3E191558-1757-4580-B7DB-A6816CAF7764}.Release|Any CPU.ActiveCfg = Release|Any CPU
		{3E191558-1757-4580-B7DB-A6816CAF7764}.Release|Any CPU.Build.0 = Release|Any CPU
		{3E191558-1757-4580-B7DB-A6816CAF7764}.Release|x64.ActiveCfg = Release|Any CPU
		{3E191558-1757-4580-B7DB-A6816CAF7764}.Release|x64.Build.0 = Release|Any CPU
		{3E191558-1757-4580-B7DB-A6816CAF7764}.Release|x86.ActiveCfg = Release|Any CPU
		{3E191558-1757-4580-B7DB-A6816CAF7764}.Release|x86.Build.0 = Release|Any CPU
		{9CF857BD-91CC-4E2B-B565-DE7326F801C2}.Debug|Any CPU.ActiveCfg = Debug|Any CPU
		{9CF857BD-91CC-4E2B-B565-DE7326F801C2}.Debug|Any CPU.Build.0 = Debug|Any CPU
		{9CF857BD-91CC-4E2B-B565-DE7326F801C2}.Debug|x64.ActiveCfg = Debug|Any CPU
		{9CF857BD-91CC-4E2B-B565-DE7326F801C2}.Debug|x64.Build.0 = Debug|Any CPU
		{9CF857BD-91CC-4E2B-B565-DE7326F801C2}.Debug|x86.ActiveCfg = Debug|Any CPU
		{9CF857BD-91CC-4E2B-B565-DE7326F801C2}.Debug|x86.Build.0 = Debug|Any CPU
		{9CF857BD-91CC-4E2B-B565-DE7326F801C2}.Release|Any CPU.ActiveCfg = Release|Any CPU
		{9CF857BD-91CC-4E2B-B565-DE7326F801C2}.Release|Any CPU.Build.0 = Release|Any CPU
		{9CF857BD-91CC-4E2B-B565-DE7326F801C2}.Release|x64.ActiveCfg = Release|Any CPU
		{9CF857BD-91CC-4E2B-B565-DE7326F801C2}.Release|x64.Build.0 = Release|Any CPU
		{9CF857BD-91CC-4E2B-B565-DE7326F801C2}.Release|x86.ActiveCfg = Release|Any CPU
		{9CF857BD-91CC-4E2B-B565-DE7326F801C2}.Release|x86.Build.0 = Release|Any CPU
		{8D7E5909-8D95-47B9-B1C6-A2C09F550477}.Debug|Any CPU.ActiveCfg = Debug|Any CPU
		{8D7E5909-8D95-47B9-B1C6-A2C09F550477}.Debug|Any CPU.Build.0 = Debug|Any CPU
		{8D7E5909-8D95-47B9-B1C6-A2C09F550477}.Debug|x64.ActiveCfg = Debug|Any CPU
		{8D7E5909-8D95-47B9-B1C6-A2C09F550477}.Debug|x64.Build.0 = Debug|Any CPU
		{8D7E5909-8D95-47B9-B1C6-A2C09F550477}.Debug|x86.ActiveCfg = Debug|Any CPU
		{8D7E5909-8D95-47B9-B1C6-A2C09F550477}.Debug|x86.Build.0 = Debug|Any CPU
		{8D7E5909-8D95-47B9-B1C6-A2C09F550477}.Release|Any CPU.ActiveCfg = Release|Any CPU
		{8D7E5909-8D95-47B9-B1C6-A2C09F550477}.Release|Any CPU.Build.0 = Release|Any CPU
		{8D7E5909-8D95-47B9-B1C6-A2C09F550477}.Release|x64.ActiveCfg = Release|Any CPU
		{8D7E5909-8D95-47B9-B1C6-A2C09F550477}.Release|x64.Build.0 = Release|Any CPU
		{8D7E5909-8D95-47B9-B1C6-A2C09F550477}.Release|x86.ActiveCfg = Release|Any CPU
		{8D7E5909-8D95-47B9-B1C6-A2C09F550477}.Release|x86.Build.0 = Release|Any CPU
	EndGlobalSection
	GlobalSection(NestedProjects) = preSolution
		{03F6A8D9-B538-4348-B9C2-D9764E990BE4} = {E4AD8233-A347-451E-B0E0-1FC9BF55454B}
		{3E191558-1757-4580-B7DB-A6816CAF7764} = {E4AD8233-A347-451E-B0E0-1FC9BF55454B}
		{9CF857BD-91CC-4E2B-B565-DE7326F801C2} = {0EF6C768-605E-4EDF-9B44-B7C93CEF6082}
		{8D7E5909-8D95-47B9-B1C6-A2C09F550477} = {0EF6C768-605E-4EDF-9B44-B7C93CEF6082}
	EndGlobalSection
EndGlobal
